{
  "version": 4,
  "terraform_version": "1.10.5",
  "serial": 46,
  "lineage": "7eb5363a-8385-29ea-c488-ac70506975d7",
  "outputs": {
    "kubernetes_cluster_host": {
      "value": "34.132.65.195",
      "type": "string"
    },
    "kubernetes_cluster_name": {
      "value": "wizthreetier-gke",
      "type": "string"
    },
    "project_id": {
      "value": "wizthreetier",
      "type": "string"
    },
    "region": {
      "value": "us-central1",
      "type": "string"
    }
  },
  "resources": [
    {
      "mode": "data",
      "type": "google_container_engine_versions",
      "name": "gke_version",
      "provider": "provider[\"registry.terraform.io/hashicorp/google\"]",
      "instances": [
        {
          "schema_version": 0,
          "attributes": {
            "default_cluster_version": "1.31.5-gke.1023000",
            "id": "2025-02-18 20:31:06.720291731 +0000 UTC",
            "latest_master_version": null,
            "latest_node_version": "1.27.16-gke.2387000",
            "location": "us-central1",
            "project": null,
            "release_channel_default_version": {
              "EXTENDED": "1.31.5-gke.1023000",
              "RAPID": "1.32.1-gke.1200003",
              "REGULAR": "1.31.5-gke.1023000",
              "STABLE": "1.30.8-gke.1162001"
            },
            "release_channel_latest_version": {
              "EXTENDED": "1.27.16-gke.2387000"
            },
            "valid_master_versions": [],
            "valid_node_versions": [
              "1.27.16-gke.2387000",
              "1.27.16-gke.2342000",
              "1.27.16-gke.2296000",
              "1.27.16-gke.2270000",
              "1.27.16-gke.2246000",
              "1.27.16-gke.2142000",
              "1.27.16-gke.2122000",
              "1.27.16-gke.2081000",
              "1.27.16-gke.2051000",
              "1.27.16-gke.2027000",
              "1.27.16-gke.2019000",
              "1.27.16-gke.1836000",
              "1.27.16-gke.1784000",
              "1.27.16-gke.1742000",
              "1.27.16-gke.1712000",
              "1.27.16-gke.1681000",
              "1.27.16-gke.1576000",
              "1.27.16-gke.1478000",
              "1.27.16-gke.1373000",
              "1.27.16-gke.1342000",
              "1.27.16-gke.1296000",
              "1.27.16-gke.1287000",
              "1.27.16-gke.1258000",
              "1.27.16-gke.1234001",
              "1.27.16-gke.1234000",
              "1.27.16-gke.1148001",
              "1.27.16-gke.1148000",
              "1.27.16-gke.1082000",
              "1.27.16-gke.1051001",
              "1.27.16-gke.1051000",
              "1.27.16-gke.1008000",
              "1.27.15-gke.1252000",
              "1.27.15-gke.1154000",
              "1.27.15-gke.1125000",
              "1.27.15-gke.1012003",
              "1.27.15-gke.1012000",
              "1.27.14-gke.1100002",
              "1.27.14-gke.1100000",
              "1.27.14-gke.1093000",
              "1.27.14-gke.1059002",
              "1.27.14-gke.1059001",
              "1.27.14-gke.1059000",
              "1.27.14-gke.1042001",
              "1.27.14-gke.1042000",
              "1.27.14-gke.1022001",
              "1.27.14-gke.1022000",
              "1.27.14-gke.1011000",
              "1.27.13-gke.1201002",
              "1.27.13-gke.1201000",
              "1.27.13-gke.1166001",
              "1.27.13-gke.1166000",
              "1.27.13-gke.1070002",
              "1.27.13-gke.1070000",
              "1.27.13-gke.1000000",
              "1.27.12-gke.1190000",
              "1.27.12-gke.1115000",
              "1.27.11-gke.1202000",
              "1.27.11-gke.1118000",
              "1.27.11-gke.1062004",
              "1.27.11-gke.1062003",
              "1.27.11-gke.1062001",
              "1.27.11-gke.1062000",
              "1.27.11-gke.1018000",
              "1.27.10-gke.1207000",
              "1.27.10-gke.1152000",
              "1.27.10-gke.1055000",
              "1.27.9-gke.1092000",
              "1.27.8-gke.1067004",
              "1.27.8-gke.1067000",
              "1.27.7-gke.1293000",
              "1.27.7-gke.1121002",
              "1.27.7-gke.1121000",
              "1.27.7-gke.1088000",
              "1.27.7-gke.1056000",
              "1.27.7-gke.1038000",
              "1.27.6-gke.1506000",
              "1.27.6-gke.1445000",
              "1.27.6-gke.1248000",
              "1.27.5-gke.200",
              "1.27.4-gke.900",
              "1.27.3-gke.1700",
              "1.27.3-gke.100",
              "1.27.2-gke.2100",
              "1.27.2-gke.1200"
            ],
            "version_prefix": "1.27."
          },
          "sensitive_attributes": []
        }
      ]
    },
    {
      "mode": "managed",
      "type": "google_compute_network",
      "name": "vpc",
      "provider": "provider[\"registry.terraform.io/hashicorp/google\"]",
      "instances": [
        {
          "schema_version": 0,
          "attributes": {
            "auto_create_subnetworks": false,
            "delete_default_routes_on_create": false,
            "description": "",
            "enable_ula_internal_ipv6": false,
            "gateway_ipv4": "",
            "id": "projects/wizthreetier/global/networks/wizthreetier-vpc",
            "internal_ipv6_range": "",
            "mtu": 0,
            "name": "wizthreetier-vpc",
            "network_firewall_policy_enforcement_order": "AFTER_CLASSIC_FIREWALL",
            "project": "wizthreetier",
            "routing_mode": "REGIONAL",
            "self_link": "https://www.googleapis.com/compute/v1/projects/wizthreetier/global/networks/wizthreetier-vpc",
            "timeouts": null
          },
          "sensitive_attributes": [],
          "private": "eyJlMmJmYjczMC1lY2FhLTExZTYtOGY4OC0zNDM2M2JjN2M0YzAiOnsiY3JlYXRlIjoxMjAwMDAwMDAwMDAwLCJkZWxldGUiOjEyMDAwMDAwMDAwMDAsInVwZGF0ZSI6MTIwMDAwMDAwMDAwMH19"
        }
      ]
    },
    {
      "mode": "managed",
      "type": "google_compute_subnetwork",
      "name": "subnet",
      "provider": "provider[\"registry.terraform.io/hashicorp/google\"]",
      "instances": [
        {
          "schema_version": 0,
          "attributes": {
            "creation_timestamp": "2025-02-18T12:31:23.441-08:00",
            "description": "",
            "external_ipv6_prefix": "",
            "fingerprint": null,
            "gateway_address": "10.10.0.1",
            "id": "projects/wizthreetier/regions/us-central1/subnetworks/wizthreetier-subnet",
            "ip_cidr_range": "10.10.0.0/24",
            "ipv6_access_type": "",
            "ipv6_cidr_range": "",
            "log_config": [],
            "name": "wizthreetier-subnet",
            "network": "https://www.googleapis.com/compute/v1/projects/wizthreetier/global/networks/wizthreetier-vpc",
            "private_ip_google_access": false,
            "private_ipv6_google_access": "DISABLE_GOOGLE_ACCESS",
            "project": "wizthreetier",
            "purpose": "PRIVATE",
            "region": "us-central1",
            "role": "",
            "secondary_ip_range": [],
            "self_link": "https://www.googleapis.com/compute/v1/projects/wizthreetier/regions/us-central1/subnetworks/wizthreetier-subnet",
            "stack_type": "IPV4_ONLY",
            "timeouts": null
          },
          "sensitive_attributes": [],
          "private": "eyJlMmJmYjczMC1lY2FhLTExZTYtOGY4OC0zNDM2M2JjN2M0YzAiOnsiY3JlYXRlIjoxMjAwMDAwMDAwMDAwLCJkZWxldGUiOjEyMDAwMDAwMDAwMDAsInVwZGF0ZSI6MTIwMDAwMDAwMDAwMH19",
          "dependencies": [
            "google_compute_network.vpc"
          ]
        }
      ]
    },
    {
      "mode": "managed",
      "type": "google_container_cluster",
      "name": "primary",
      "provider": "provider[\"registry.terraform.io/hashicorp/google\"]",
      "instances": [
        {
          "schema_version": 1,
          "attributes": {
            "addons_config": [
              {
                "cloudrun_config": [],
                "config_connector_config": [],
                "dns_cache_config": [],
                "gce_persistent_disk_csi_driver_config": [
                  {
                    "enabled": true
                  }
                ],
                "gcp_filestore_csi_driver_config": [],
                "gke_backup_agent_config": [],
                "horizontal_pod_autoscaling": [],
                "http_load_balancing": [],
                "network_policy_config": [
                  {
                    "disabled": true
                  }
                ]
              }
            ],
            "authenticator_groups_config": [],
            "binary_authorization": [
              {
                "enabled": false,
                "evaluation_mode": ""
              }
            ],
            "cluster_autoscaling": [
              {
                "auto_provisioning_defaults": [],
                "enabled": false,
                "resource_limits": []
              }
            ],
            "cluster_ipv4_cidr": "10.12.0.0/14",
            "confidential_nodes": [],
            "cost_management_config": [],
            "database_encryption": [
              {
                "key_name": "",
                "state": "DECRYPTED"
              }
            ],
            "datapath_provider": "",
            "default_max_pods_per_node": null,
            "default_snat_status": [
              {
                "disabled": false
              }
            ],
            "description": "",
            "dns_config": [],
            "enable_autopilot": false,
            "enable_binary_authorization": false,
            "enable_intranode_visibility": false,
            "enable_kubernetes_alpha": false,
            "enable_l4_ilb_subsetting": false,
            "enable_legacy_abac": false,
            "enable_shielded_nodes": true,
            "enable_tpu": false,
            "endpoint": "34.132.65.195",
            "gateway_api_config": [],
            "id": "projects/wizthreetier/locations/us-central1/clusters/wizthreetier-gke",
            "initial_node_count": 1,
            "ip_allocation_policy": [],
            "label_fingerprint": "a9dc16a7",
            "location": "us-central1",
            "logging_config": [
              {
                "enable_components": [
                  "SYSTEM_COMPONENTS",
                  "WORKLOADS"
                ]
              }
            ],
            "logging_service": "logging.googleapis.com/kubernetes",
            "maintenance_policy": [],
            "master_auth": [
              {
                "client_certificate": "",
                "client_certificate_config": [
                  {
                    "issue_client_certificate": false
                  }
                ],
                "client_key": "",
                "cluster_ca_certificate": "LS0tLS1CRUdJTiBDRVJUSUZJQ0FURS0tLS0tCk1JSUVMRENDQXBTZ0F3SUJBZ0lRQ3lvSkhmNEkzeTVtQ1V4M1hCL1J2akFOQmdrcWhraUc5dzBCQVFzRkFEQXYKTVMwd0t3WURWUVFERXlRMFpUTmlPVE01TlMxaU56UTBMVFEyTWpFdFlqSTNPQzB5TldFNE5HWXpNelEyTURjdwpJQmNOTWpVd01qRTRNVGt6TVRNMVdoZ1BNakExTlRBeU1URXlNRE14TXpWYU1DOHhMVEFyQmdOVkJBTVRKRFJsCk0ySTVNemsxTFdJM05EUXRORFl5TVMxaU1qYzRMVEkxWVRnMFpqTXpORFl3TnpDQ0FhSXdEUVlKS29aSWh2Y04KQVFFQkJRQURnZ0dQQURDQ0FZb0NnZ0dCQVBWcC9MNjRMeEh5a28wenpZdEVmRE41YnJ4MUpab2d6SiszcE4rbwpxMCtENmkyUzRDWTlkcEJOT3ZWa3prdlNVVjB1MFN2VzcxaDhTQnVCZzYwUVhRbi9Cd1Fya2Nndlg0NElNc2pjCnU3TzloNmdKSmI5TVlUS0RydElnS2Z0NTFvZGZIZ1BkMTZtVnJ5SURPSzBrR3hocUduR0ZtMG1NNEU1U3lXNzYKSkY2S1E5M3VodnA1aGhXdGZJV0hkNlg3L0NUWGxzamVlMUVnNFpTSGlPa2ErOW8wdnNrSURUSnZQMzBGSyt0Sgp1VkszTWhyRS9ZTnNQZStxRXEzUS9IMGp0VFAyQ25qYUpqN0lVdFhiNmtwVEdLYUJ5Vi82enlyTTQzbFRtQzdqCmlMYmlHcUtFNVdBTlZsMFVSREF6UTJzajFzTThIU3Fkd0hON2dmUEhDWTVoOTlWSTd1QUpSaDZNOXoyek9DRzMKT25TVkZHTTgwc1pUaGJTNXltdERjYW9xTFNtVlJRakhoYlZxZE1jU05vTDY2UkU0OEFkSGs4YURtbVREbDFTdgo5Z3BLMXQ2b1p6N3hMbkxPOE1xbUEwNjFRMjZNTGc4eW82Y3pGYm9IQXE5aHdqRDFtM2orMHFuWkhFM1ZHcFhVCnpUcHF2Ym5nQWdNOEdvNEY4US82aXk4eWZ3SURBUUFCbzBJd1FEQU9CZ05WSFE4QkFmOEVCQU1DQWdRd0R3WUQKVlIwVEFRSC9CQVV3QXdFQi96QWRCZ05WSFE0RUZnUVUxbUorazl2YzV4RWN4dm9KaW5LNHlzT0dtaW93RFFZSgpLb1pJaHZjTkFRRUxCUUFEZ2dHQkFPbnRERVZpdVJxa3RIWkRiclFvQjdaM3V5TGFqVWU0c3ZCQjBJYXpZMzA5CmtQTFF0Tmk2Q1NwdGdXRkk0WWRhK0JoemFIZXJobW0xYTROUkh5eTZZU2tTK0w5alprVEFZSStVU0MzNU02cG8KMDVzQVRJdk10SUpqenJvcDlWYXFxYmZnQUdqVFRua2dhR3R4OVpKTkFVRGNpZnFrekV4Y210S1ZvL0FBRnRlTwpMdk5TaXFxUGVlYlVQWkdWaDBQVlQwOHNQZlZtQ0FXbm9hb0dpeXdwQnpIaFBwUVgyY3l3bE5tSEdUNDlSTTNDCjAvMENTVVp1Sm9BR0xtdGlaTUdvREI5UlRDNjY0dlZOUU5jZWtzb2IyUmI1aFB5OXRGYjVBQjZBenRidld6akYKUVBKcndLaTZScXVFUVJFbjN0YzVydVFMNmEzelJOUzNaNmx6TGg1SFhDdUhlQjFTSEhtQlhrQnYwa2JoelAyMQpwNVVLMHpqdVc2czBQdk5nbWo1M2R1a3BtYXNiazIvSm1XckZDNUljZUxidW5EZ2xmNTRhZFZjbkNidkVyRTN2CkEyMkU4STFXTFgyL0xuQTNBRmFDZ3JOQUFSMDg1ZS9FMkwzTFFDYnZZeFVWcUJ0WUxCK1BYdUNkRElLemVIL2sKc21xQ3BDNFJmd0ttYVlESTg1NVh5dz09Ci0tLS0tRU5EIENFUlRJRklDQVRFLS0tLS0K"
              }
            ],
            "master_authorized_networks_config": [],
            "master_version": "1.31.5-gke.1023000",
            "mesh_certificates": [],
            "min_master_version": null,
            "monitoring_config": [
              {
                "enable_components": [
                  "SYSTEM_COMPONENTS",
                  "DAEMONSET",
                  "DEPLOYMENT",
                  "STATEFULSET",
                  "STORAGE",
                  "HPA",
                  "POD",
                  "KUBELET",
                  "CADVISOR"
                ],
                "managed_prometheus": [
                  {
                    "enabled": true
                  }
                ]
              }
            ],
            "monitoring_service": "monitoring.googleapis.com/kubernetes",
            "name": "wizthreetier-gke",
            "network": "projects/wizthreetier/global/networks/wizthreetier-vpc",
            "network_policy": [
              {
                "enabled": false,
                "provider": "PROVIDER_UNSPECIFIED"
              }
            ],
            "networking_mode": "ROUTES",
            "node_config": [],
            "node_locations": [
              "us-central1-a",
              "us-central1-c",
              "us-central1-f"
            ],
            "node_pool": [],
            "node_pool_defaults": [
              {
                "node_config_defaults": [
                  {
                    "logging_variant": "DEFAULT"
                  }
                ]
              }
            ],
            "node_version": "1.31.5-gke.1023000",
            "notification_config": [
              {
                "pubsub": [
                  {
                    "enabled": false,
                    "filter": [],
                    "topic": ""
                  }
                ]
              }
            ],
            "operation": null,
            "private_cluster_config": [
              {
                "enable_private_endpoint": false,
                "enable_private_nodes": false,
                "master_global_access_config": [
                  {
                    "enabled": false
                  }
                ],
                "master_ipv4_cidr_block": "",
                "peering_name": "",
                "private_endpoint": "10.10.0.2",
                "private_endpoint_subnetwork": "",
                "public_endpoint": "34.132.65.195"
              }
            ],
            "private_ipv6_google_access": "",
            "project": "wizthreetier",
            "release_channel": [
              {
                "channel": "REGULAR"
              }
            ],
            "remove_default_node_pool": true,
            "resource_labels": null,
            "resource_usage_export_config": [],
            "security_posture_config": [
              {
                "mode": "BASIC",
                "vulnerability_mode": "VULNERABILITY_MODE_UNSPECIFIED"
              }
            ],
            "self_link": "https://container.googleapis.com/v1/projects/wizthreetier/locations/us-central1/clusters/wizthreetier-gke",
            "service_external_ips_config": [
              {
                "enabled": false
              }
            ],
            "services_ipv4_cidr": "10.15.240.0/20",
            "subnetwork": "projects/wizthreetier/regions/us-central1/subnetworks/wizthreetier-subnet",
            "timeouts": null,
            "tpu_ipv4_cidr_block": "",
            "vertical_pod_autoscaling": [],
            "workload_identity_config": []
          },
          "sensitive_attributes": [
            [
              {
                "type": "get_attr",
                "value": "master_auth"
              },
              {
                "type": "index",
                "value": {
                  "value": 0,
                  "type": "number"
                }
              },
              {
                "type": "get_attr",
                "value": "client_key"
              }
            ]
          ],
          "private": "eyJlMmJmYjczMC1lY2FhLTExZTYtOGY4OC0zNDM2M2JjN2M0YzAiOnsiY3JlYXRlIjoyNDAwMDAwMDAwMDAwLCJkZWxldGUiOjI0MDAwMDAwMDAwMDAsInJlYWQiOjI0MDAwMDAwMDAwMDAsInVwZGF0ZSI6MzYwMDAwMDAwMDAwMH0sInNjaGVtYV92ZXJzaW9uIjoiMSJ9",
          "dependencies": [
            "google_compute_network.vpc",
            "google_compute_subnetwork.subnet"
          ]
        }
      ]
    },
    {
      "mode": "managed",
      "type": "google_container_node_pool",
      "name": "primary_nodes",
      "provider": "provider[\"registry.terraform.io/hashicorp/google\"]",
      "instances": [
        {
          "schema_version": 1,
          "attributes": {
            "autoscaling": [],
            "cluster": "wizthreetier-gke",
            "id": "projects/wizthreetier/locations/us-central1/clusters/wizthreetier-gke/nodePools/wizthreetier-gke",
            "initial_node_count": 2,
            "instance_group_urls": [
              "https://www.googleapis.com/compute/v1/projects/wizthreetier/zones/us-central1-f/instanceGroupManagers/gke-wizthreetier-gke-wizthreetier-gke-a021206f-grp",
              "https://www.googleapis.com/compute/v1/projects/wizthreetier/zones/us-central1-a/instanceGroupManagers/gke-wizthreetier-gke-wizthreetier-gke-a6f468b3-grp",
              "https://www.googleapis.com/compute/v1/projects/wizthreetier/zones/us-central1-c/instanceGroupManagers/gke-wizthreetier-gke-wizthreetier-gke-d85ade9f-grp"
            ],
            "location": "us-central1",
            "managed_instance_group_urls": [
              "https://www.googleapis.com/compute/v1/projects/wizthreetier/zones/us-central1-f/instanceGroups/gke-wizthreetier-gke-wizthreetier-gke-a021206f-grp",
              "https://www.googleapis.com/compute/v1/projects/wizthreetier/zones/us-central1-a/instanceGroups/gke-wizthreetier-gke-wizthreetier-gke-a6f468b3-grp",
              "https://www.googleapis.com/compute/v1/projects/wizthreetier/zones/us-central1-c/instanceGroups/gke-wizthreetier-gke-wizthreetier-gke-d85ade9f-grp"
            ],
            "management": [
              {
                "auto_repair": true,
                "auto_upgrade": true
              }
            ],
            "max_pods_per_node": null,
            "name": "wizthreetier-gke",
            "name_prefix": "",
            "network_config": [],
            "node_config": [
              {
                "advanced_machine_features": [],
                "boot_disk_kms_key": "",
                "disk_size_gb": 10,
                "disk_type": "pd-balanced",
                "ephemeral_storage_local_ssd_config": [],
                "gcfs_config": [],
                "guest_accelerator": [],
                "gvnic": [],
                "image_type": "COS_CONTAINERD",
                "kubelet_config": [
                  {
                    "cpu_cfs_quota": false,
                    "cpu_cfs_quota_period": "",
                    "cpu_manager_policy": "",
                    "pod_pids_limit": 0
                  }
                ],
                "labels": {
                  "env": "wizthreetier"
                },
                "linux_node_config": [],
                "local_nvme_ssd_block_config": [],
                "local_ssd_count": 0,
                "logging_variant": "DEFAULT",
                "machine_type": "n1-standard-1",
                "metadata": {
                  "disable-legacy-endpoints": "true"
                },
                "min_cpu_platform": "",
                "node_group": "",
                "oauth_scopes": [
                  "https://www.googleapis.com/auth/logging.write",
                  "https://www.googleapis.com/auth/monitoring"
                ],
                "preemptible": false,
                "reservation_affinity": [],
                "resource_labels": {
                  "goog-gke-node-pool-provisioning-model": "on-demand"
                },
                "service_account": "default",
                "shielded_instance_config": [
                  {
                    "enable_integrity_monitoring": true,
                    "enable_secure_boot": false
                  }
                ],
                "sole_tenant_config": [],
                "spot": false,
                "tags": [
                  "gke-node",
                  "wizthreetier-gke"
                ],
                "taint": [],
                "workload_metadata_config": []
              }
            ],
            "node_count": 2,
            "node_locations": [
              "us-central1-a",
              "us-central1-c",
              "us-central1-f"
            ],
            "operation": null,
            "placement_policy": [],
            "project": "wizthreetier",
            "timeouts": null,
            "upgrade_settings": [
              {
                "blue_green_settings": [],
                "max_surge": 1,
                "max_unavailable": 0,
                "strategy": "SURGE"
              }
            ],
            "version": "1.30.8-gke.1162001"
          },
          "sensitive_attributes": [],
          "private": "eyJlMmJmYjczMC1lY2FhLTExZTYtOGY4OC0zNDM2M2JjN2M0YzAiOnsiY3JlYXRlIjoxODAwMDAwMDAwMDAwLCJkZWxldGUiOjE4MDAwMDAwMDAwMDAsInVwZGF0ZSI6MTgwMDAwMDAwMDAwMH0sInNjaGVtYV92ZXJzaW9uIjoiMSJ9",
          "dependencies": [
            "data.google_container_engine_versions.gke_version",
            "google_compute_network.vpc",
            "google_compute_subnetwork.subnet",
            "google_container_cluster.primary"
          ]
        }
      ]
    }
  ],
  "check_results": null
}
